// !$*UTF8*$!
{
	archiveVersion = 1;
	classes = {
	};
	objectVersion = 55;
	objects = {

/* Begin PBXBuildFile section */
		34AACA0AC12333F104D92626 /* Pods_iTunesPodcasts.framework in Frameworks */ = {isa = PBXBuildFile; fileRef = F410AEB2C922DABE17B894CF /* Pods_iTunesPodcasts.framework */; };
		6218129E283FE0C0003D54BB /* AppDelegate.swift in Sources */ = {isa = PBXBuildFile; fileRef = 6218129D283FE0C0003D54BB /* AppDelegate.swift */; };
		621812A0283FE0C0003D54BB /* SceneDelegate.swift in Sources */ = {isa = PBXBuildFile; fileRef = 6218129F283FE0C0003D54BB /* SceneDelegate.swift */; };
		621812A2283FE0C0003D54BB /* PodcastsSearchViewController.swift in Sources */ = {isa = PBXBuildFile; fileRef = 621812A1283FE0C0003D54BB /* PodcastsSearchViewController.swift */; };
		621812A7283FE0C1003D54BB /* Assets.xcassets in Resources */ = {isa = PBXBuildFile; fileRef = 621812A6283FE0C1003D54BB /* Assets.xcassets */; };
		621812AA283FE0C1003D54BB /* LaunchScreen.storyboard in Resources */ = {isa = PBXBuildFile; fileRef = 621812A8283FE0C1003D54BB /* LaunchScreen.storyboard */; };
		629FC6FE283FE4B200AF0192 /* URLSessionHTTPClientTests.swift in Sources */ = {isa = PBXBuildFile; fileRef = 629FC6FD283FE4B200AF0192 /* URLSessionHTTPClientTests.swift */; };
		629FC700283FEB3900AF0192 /* EndpointTests.swift in Sources */ = {isa = PBXBuildFile; fileRef = 629FC6FF283FEB3900AF0192 /* EndpointTests.swift */; };
		629FC706283FEE0700AF0192 /* Endpoint.swift in Sources */ = {isa = PBXBuildFile; fileRef = 629FC705283FEE0700AF0192 /* Endpoint.swift */; };
		629FC708283FFDB600AF0192 /* HTTPClient.swift in Sources */ = {isa = PBXBuildFile; fileRef = 629FC707283FFDB600AF0192 /* HTTPClient.swift */; };
		629FC70A283FFDD400AF0192 /* NetworkSession.swift in Sources */ = {isa = PBXBuildFile; fileRef = 629FC709283FFDD400AF0192 /* NetworkSession.swift */; };
		629FC70D283FFE0C00AF0192 /* MockNetworkSession.swift in Sources */ = {isa = PBXBuildFile; fileRef = 629FC70C283FFE0C00AF0192 /* MockNetworkSession.swift */; };
		629FC70F28401B6F00AF0192 /* URLSessionHTTPClient.swift in Sources */ = {isa = PBXBuildFile; fileRef = 629FC70E28401B6F00AF0192 /* URLSessionHTTPClient.swift */; };
		629FC71128401BB000AF0192 /* URL+Mock.swift in Sources */ = {isa = PBXBuildFile; fileRef = 629FC71028401BB000AF0192 /* URL+Mock.swift */; };
		629FC71428401C4700AF0192 /* RxTest+Extension.swift in Sources */ = {isa = PBXBuildFile; fileRef = 629FC71328401C4700AF0192 /* RxTest+Extension.swift */; };
		629FC71628401CDB00AF0192 /* PodcastsLoader.swift in Sources */ = {isa = PBXBuildFile; fileRef = 629FC71528401CDB00AF0192 /* PodcastsLoader.swift */; };
		629FC719284021FC00AF0192 /* Podcast.swift in Sources */ = {isa = PBXBuildFile; fileRef = 629FC718284021FC00AF0192 /* Podcast.swift */; };
		629FC71C2840221600AF0192 /* PodcastMapper.swift in Sources */ = {isa = PBXBuildFile; fileRef = 629FC71B2840221600AF0192 /* PodcastMapper.swift */; };
		629FC71E2840304500AF0192 /* PodcastCell.swift in Sources */ = {isa = PBXBuildFile; fileRef = 629FC71D2840304500AF0192 /* PodcastCell.swift */; };
		629FC72028403C4F00AF0192 /* URLSessionNetworkSessionTests.swift in Sources */ = {isa = PBXBuildFile; fileRef = 629FC71F28403C4F00AF0192 /* URLSessionNetworkSessionTests.swift */; };
		629FC72428403F0600AF0192 /* URLSessionNetworkSession.swift in Sources */ = {isa = PBXBuildFile; fileRef = 629FC72328403F0600AF0192 /* URLSessionNetworkSession.swift */; };
		629FC7262840F5E000AF0192 /* RemotePodcastsLoaderTests.swift in Sources */ = {isa = PBXBuildFile; fileRef = 629FC7252840F5E000AF0192 /* RemotePodcastsLoaderTests.swift */; };
		629FC7282840FFC200AF0192 /* MockHttpClient.swift in Sources */ = {isa = PBXBuildFile; fileRef = 629FC7272840FFC200AF0192 /* MockHttpClient.swift */; };
		629FC72A284104F800AF0192 /* PodcastCellViewModel.swift in Sources */ = {isa = PBXBuildFile; fileRef = 629FC729284104F800AF0192 /* PodcastCellViewModel.swift */; };
		629FC72C2841078500AF0192 /* PodcastsSearchViewModel.swift in Sources */ = {isa = PBXBuildFile; fileRef = 629FC72B2841078500AF0192 /* PodcastsSearchViewModel.swift */; };
		629FC72E28410B9500AF0192 /* ImageDownloader.swift in Sources */ = {isa = PBXBuildFile; fileRef = 629FC72D28410B9500AF0192 /* ImageDownloader.swift */; };
		629FC7312841146900AF0192 /* SDImageDownloader.swift in Sources */ = {isa = PBXBuildFile; fileRef = 629FC7302841146900AF0192 /* SDImageDownloader.swift */; };
		629FC73328415A5D00AF0192 /* PodcastDetailsViewModel.swift in Sources */ = {isa = PBXBuildFile; fileRef = 629FC73228415A5D00AF0192 /* PodcastDetailsViewModel.swift */; };
		629FC73528415B4400AF0192 /* PodcastDetailsViewController.swift in Sources */ = {isa = PBXBuildFile; fileRef = 629FC73428415B4400AF0192 /* PodcastDetailsViewController.swift */; };
		629FC73728423DE800AF0192 /* PodcastsSearchViewModelTests.swift in Sources */ = {isa = PBXBuildFile; fileRef = 629FC73628423DE800AF0192 /* PodcastsSearchViewModelTests.swift */; };
		629FC739284240E800AF0192 /* TestAppDelegate.swift in Sources */ = {isa = PBXBuildFile; fileRef = 629FC738284240E800AF0192 /* TestAppDelegate.swift */; };
		629FC73B2842420400AF0192 /* main.swift in Sources */ = {isa = PBXBuildFile; fileRef = 629FC73A2842420400AF0192 /* main.swift */; };
		629FC73D2842438800AF0192 /* MockPodcastsLoader.swift in Sources */ = {isa = PBXBuildFile; fileRef = 629FC73C2842438800AF0192 /* MockPodcastsLoader.swift */; };
		629FC73F2842440400AF0192 /* MockImageDownloader.swift in Sources */ = {isa = PBXBuildFile; fileRef = 629FC73E2842440400AF0192 /* MockImageDownloader.swift */; };
		629FC7412842444300AF0192 /* UIImage+Mock.swift in Sources */ = {isa = PBXBuildFile; fileRef = 629FC7402842444300AF0192 /* UIImage+Mock.swift */; };
		629FC7432842462300AF0192 /* Podcast+Mock.swift in Sources */ = {isa = PBXBuildFile; fileRef = 629FC7422842462300AF0192 /* Podcast+Mock.swift */; };
		629FC74528424FC700AF0192 /* TestSchedulers+Extension.swift in Sources */ = {isa = PBXBuildFile; fileRef = 629FC74428424FC700AF0192 /* TestSchedulers+Extension.swift */; };
		E7E8E9DF8521B83BC76E5432 /* Pods_iTunesPodcastsTests.framework in Frameworks */ = {isa = PBXBuildFile; fileRef = B49EC64974DA5CF1A4EFC716 /* Pods_iTunesPodcastsTests.framework */; };
/* End PBXBuildFile section */

/* Begin PBXContainerItemProxy section */
		621812B1283FE0C1003D54BB /* PBXContainerItemProxy */ = {
			isa = PBXContainerItemProxy;
			containerPortal = 62181292283FE0C0003D54BB /* Project object */;
			proxyType = 1;
			remoteGlobalIDString = 62181299283FE0C0003D54BB;
			remoteInfo = iTunesPodcasts;
		};
/* End PBXContainerItemProxy section */

/* Begin PBXFileReference section */
		1225D38CA6E60BA42FDBFC91 /* Pods-iTunesPodcasts.release.xcconfig */ = {isa = PBXFileReference; includeInIndex = 1; lastKnownFileType = text.xcconfig; name = "Pods-iTunesPodcasts.release.xcconfig"; path = "Target Support Files/Pods-iTunesPodcasts/Pods-iTunesPodcasts.release.xcconfig"; sourceTree = "<group>"; };
		2E8FD06E4E79E2FAF7C9D737 /* Pods-iTunesPodcasts.debug.xcconfig */ = {isa = PBXFileReference; includeInIndex = 1; lastKnownFileType = text.xcconfig; name = "Pods-iTunesPodcasts.debug.xcconfig"; path = "Target Support Files/Pods-iTunesPodcasts/Pods-iTunesPodcasts.debug.xcconfig"; sourceTree = "<group>"; };
		609FA2261F8EF209604ED740 /* Pods-iTunesPodcastsTests.release.xcconfig */ = {isa = PBXFileReference; includeInIndex = 1; lastKnownFileType = text.xcconfig; name = "Pods-iTunesPodcastsTests.release.xcconfig"; path = "Target Support Files/Pods-iTunesPodcastsTests/Pods-iTunesPodcastsTests.release.xcconfig"; sourceTree = "<group>"; };
		6218129A283FE0C0003D54BB /* iTunesPodcasts.app */ = {isa = PBXFileReference; explicitFileType = wrapper.application; includeInIndex = 0; path = iTunesPodcasts.app; sourceTree = BUILT_PRODUCTS_DIR; };
		6218129D283FE0C0003D54BB /* AppDelegate.swift */ = {isa = PBXFileReference; lastKnownFileType = sourcecode.swift; path = AppDelegate.swift; sourceTree = "<group>"; };
		6218129F283FE0C0003D54BB /* SceneDelegate.swift */ = {isa = PBXFileReference; lastKnownFileType = sourcecode.swift; path = SceneDelegate.swift; sourceTree = "<group>"; };
		621812A1283FE0C0003D54BB /* PodcastsSearchViewController.swift */ = {isa = PBXFileReference; lastKnownFileType = sourcecode.swift; path = PodcastsSearchViewController.swift; sourceTree = "<group>"; };
		621812A6283FE0C1003D54BB /* Assets.xcassets */ = {isa = PBXFileReference; lastKnownFileType = folder.assetcatalog; path = Assets.xcassets; sourceTree = "<group>"; };
		621812A9283FE0C1003D54BB /* Base */ = {isa = PBXFileReference; lastKnownFileType = file.storyboard; name = Base; path = Base.lproj/LaunchScreen.storyboard; sourceTree = "<group>"; };
		621812AB283FE0C1003D54BB /* Info.plist */ = {isa = PBXFileReference; lastKnownFileType = text.plist.xml; path = Info.plist; sourceTree = "<group>"; };
		621812B0283FE0C1003D54BB /* iTunesPodcastsTests.xctest */ = {isa = PBXFileReference; explicitFileType = wrapper.cfbundle; includeInIndex = 0; path = iTunesPodcastsTests.xctest; sourceTree = BUILT_PRODUCTS_DIR; };
		629FC6FD283FE4B200AF0192 /* URLSessionHTTPClientTests.swift */ = {isa = PBXFileReference; lastKnownFileType = sourcecode.swift; path = URLSessionHTTPClientTests.swift; sourceTree = "<group>"; };
		629FC6FF283FEB3900AF0192 /* EndpointTests.swift */ = {isa = PBXFileReference; lastKnownFileType = sourcecode.swift; path = EndpointTests.swift; sourceTree = "<group>"; };
		629FC705283FEE0700AF0192 /* Endpoint.swift */ = {isa = PBXFileReference; lastKnownFileType = sourcecode.swift; path = Endpoint.swift; sourceTree = "<group>"; };
		629FC707283FFDB600AF0192 /* HTTPClient.swift */ = {isa = PBXFileReference; lastKnownFileType = sourcecode.swift; path = HTTPClient.swift; sourceTree = "<group>"; };
		629FC709283FFDD400AF0192 /* NetworkSession.swift */ = {isa = PBXFileReference; lastKnownFileType = sourcecode.swift; path = NetworkSession.swift; sourceTree = "<group>"; };
		629FC70C283FFE0C00AF0192 /* MockNetworkSession.swift */ = {isa = PBXFileReference; lastKnownFileType = sourcecode.swift; path = MockNetworkSession.swift; sourceTree = "<group>"; };
		629FC70E28401B6F00AF0192 /* URLSessionHTTPClient.swift */ = {isa = PBXFileReference; lastKnownFileType = sourcecode.swift; path = URLSessionHTTPClient.swift; sourceTree = "<group>"; };
		629FC71028401BB000AF0192 /* URL+Mock.swift */ = {isa = PBXFileReference; lastKnownFileType = sourcecode.swift; path = "URL+Mock.swift"; sourceTree = "<group>"; };
		629FC71328401C4700AF0192 /* RxTest+Extension.swift */ = {isa = PBXFileReference; lastKnownFileType = sourcecode.swift; path = "RxTest+Extension.swift"; sourceTree = "<group>"; };
		629FC71528401CDB00AF0192 /* PodcastsLoader.swift */ = {isa = PBXFileReference; lastKnownFileType = sourcecode.swift; path = PodcastsLoader.swift; sourceTree = "<group>"; };
		629FC718284021FC00AF0192 /* Podcast.swift */ = {isa = PBXFileReference; lastKnownFileType = sourcecode.swift; path = Podcast.swift; sourceTree = "<group>"; };
		629FC71B2840221600AF0192 /* PodcastMapper.swift */ = {isa = PBXFileReference; lastKnownFileType = sourcecode.swift; path = PodcastMapper.swift; sourceTree = "<group>"; };
		629FC71D2840304500AF0192 /* PodcastCell.swift */ = {isa = PBXFileReference; lastKnownFileType = sourcecode.swift; path = PodcastCell.swift; sourceTree = "<group>"; };
		629FC71F28403C4F00AF0192 /* URLSessionNetworkSessionTests.swift */ = {isa = PBXFileReference; lastKnownFileType = sourcecode.swift; path = URLSessionNetworkSessionTests.swift; sourceTree = "<group>"; };
		629FC72328403F0600AF0192 /* URLSessionNetworkSession.swift */ = {isa = PBXFileReference; lastKnownFileType = sourcecode.swift; path = URLSessionNetworkSession.swift; sourceTree = "<group>"; };
		629FC7252840F5E000AF0192 /* RemotePodcastsLoaderTests.swift */ = {isa = PBXFileReference; lastKnownFileType = sourcecode.swift; path = RemotePodcastsLoaderTests.swift; sourceTree = "<group>"; };
		629FC7272840FFC200AF0192 /* MockHttpClient.swift */ = {isa = PBXFileReference; lastKnownFileType = sourcecode.swift; path = MockHttpClient.swift; sourceTree = "<group>"; };
		629FC729284104F800AF0192 /* PodcastCellViewModel.swift */ = {isa = PBXFileReference; lastKnownFileType = sourcecode.swift; path = PodcastCellViewModel.swift; sourceTree = "<group>"; };
		629FC72B2841078500AF0192 /* PodcastsSearchViewModel.swift */ = {isa = PBXFileReference; lastKnownFileType = sourcecode.swift; path = PodcastsSearchViewModel.swift; sourceTree = "<group>"; };
		629FC72D28410B9500AF0192 /* ImageDownloader.swift */ = {isa = PBXFileReference; lastKnownFileType = sourcecode.swift; path = ImageDownloader.swift; sourceTree = "<group>"; };
		629FC7302841146900AF0192 /* SDImageDownloader.swift */ = {isa = PBXFileReference; lastKnownFileType = sourcecode.swift; path = SDImageDownloader.swift; sourceTree = "<group>"; };
		629FC73228415A5D00AF0192 /* PodcastDetailsViewModel.swift */ = {isa = PBXFileReference; lastKnownFileType = sourcecode.swift; path = PodcastDetailsViewModel.swift; sourceTree = "<group>"; };
		629FC73428415B4400AF0192 /* PodcastDetailsViewController.swift */ = {isa = PBXFileReference; lastKnownFileType = sourcecode.swift; path = PodcastDetailsViewController.swift; sourceTree = "<group>"; };
		629FC73628423DE800AF0192 /* PodcastsSearchViewModelTests.swift */ = {isa = PBXFileReference; lastKnownFileType = sourcecode.swift; path = PodcastsSearchViewModelTests.swift; sourceTree = "<group>"; };
		629FC738284240E800AF0192 /* TestAppDelegate.swift */ = {isa = PBXFileReference; lastKnownFileType = sourcecode.swift; path = TestAppDelegate.swift; sourceTree = "<group>"; };
		629FC73A2842420400AF0192 /* main.swift */ = {isa = PBXFileReference; lastKnownFileType = sourcecode.swift; path = main.swift; sourceTree = "<group>"; };
		629FC73C2842438800AF0192 /* MockPodcastsLoader.swift */ = {isa = PBXFileReference; lastKnownFileType = sourcecode.swift; path = MockPodcastsLoader.swift; sourceTree = "<group>"; };
		629FC73E2842440400AF0192 /* MockImageDownloader.swift */ = {isa = PBXFileReference; lastKnownFileType = sourcecode.swift; path = MockImageDownloader.swift; sourceTree = "<group>"; };
		629FC7402842444300AF0192 /* UIImage+Mock.swift */ = {isa = PBXFileReference; lastKnownFileType = sourcecode.swift; path = "UIImage+Mock.swift"; sourceTree = "<group>"; };
		629FC7422842462300AF0192 /* Podcast+Mock.swift */ = {isa = PBXFileReference; lastKnownFileType = sourcecode.swift; path = "Podcast+Mock.swift"; sourceTree = "<group>"; };
		629FC74428424FC700AF0192 /* TestSchedulers+Extension.swift */ = {isa = PBXFileReference; lastKnownFileType = sourcecode.swift; path = "TestSchedulers+Extension.swift"; sourceTree = "<group>"; };
		B16C94C402FC9792195FE622 /* Pods-iTunesPodcasts-iTunesPodcastsUITests.debug.xcconfig */ = {isa = PBXFileReference; includeInIndex = 1; lastKnownFileType = text.xcconfig; name = "Pods-iTunesPodcasts-iTunesPodcastsUITests.debug.xcconfig"; path = "Target Support Files/Pods-iTunesPodcasts-iTunesPodcastsUITests/Pods-iTunesPodcasts-iTunesPodcastsUITests.debug.xcconfig"; sourceTree = "<group>"; };
		B49EC64974DA5CF1A4EFC716 /* Pods_iTunesPodcastsTests.framework */ = {isa = PBXFileReference; explicitFileType = wrapper.framework; includeInIndex = 0; path = Pods_iTunesPodcastsTests.framework; sourceTree = BUILT_PRODUCTS_DIR; };
		D4E045C1E7FF261986352AF7 /* Pods-iTunesPodcasts-iTunesPodcastsUITests.release.xcconfig */ = {isa = PBXFileReference; includeInIndex = 1; lastKnownFileType = text.xcconfig; name = "Pods-iTunesPodcasts-iTunesPodcastsUITests.release.xcconfig"; path = "Target Support Files/Pods-iTunesPodcasts-iTunesPodcastsUITests/Pods-iTunesPodcasts-iTunesPodcastsUITests.release.xcconfig"; sourceTree = "<group>"; };
		EFBB1DD4701D367ABDDB1EDA /* Pods-iTunesPodcastsTests.debug.xcconfig */ = {isa = PBXFileReference; includeInIndex = 1; lastKnownFileType = text.xcconfig; name = "Pods-iTunesPodcastsTests.debug.xcconfig"; path = "Target Support Files/Pods-iTunesPodcastsTests/Pods-iTunesPodcastsTests.debug.xcconfig"; sourceTree = "<group>"; };
		F410AEB2C922DABE17B894CF /* Pods_iTunesPodcasts.framework */ = {isa = PBXFileReference; explicitFileType = wrapper.framework; includeInIndex = 0; path = Pods_iTunesPodcasts.framework; sourceTree = BUILT_PRODUCTS_DIR; };
		F68B06DEE6DBA5B4C10B253A /* Pods_iTunesPodcasts_iTunesPodcastsUITests.framework */ = {isa = PBXFileReference; explicitFileType = wrapper.framework; includeInIndex = 0; path = Pods_iTunesPodcasts_iTunesPodcastsUITests.framework; sourceTree = BUILT_PRODUCTS_DIR; };
/* End PBXFileReference section */

/* Begin PBXFrameworksBuildPhase section */
		62181297283FE0C0003D54BB /* Frameworks */ = {
			isa = PBXFrameworksBuildPhase;
			buildActionMask = 2147483647;
			files = (
				34AACA0AC12333F104D92626 /* Pods_iTunesPodcasts.framework in Frameworks */,
			);
			runOnlyForDeploymentPostprocessing = 0;
		};
		621812AD283FE0C1003D54BB /* Frameworks */ = {
			isa = PBXFrameworksBuildPhase;
			buildActionMask = 2147483647;
			files = (
				E7E8E9DF8521B83BC76E5432 /* Pods_iTunesPodcastsTests.framework in Frameworks */,
			);
			runOnlyForDeploymentPostprocessing = 0;
		};
/* End PBXFrameworksBuildPhase section */

/* Begin PBXGroup section */
		62181291283FE0C0003D54BB = {
			isa = PBXGroup;
			children = (
				6218129C283FE0C0003D54BB /* iTunesPodcasts */,
				621812B3283FE0C1003D54BB /* iTunesPodcastsTests */,
				6218129B283FE0C0003D54BB /* Products */,
				91B6A2F00AD06B6AF015A638 /* Pods */,
				802AD5078EB2020D872321A8 /* Frameworks */,
			);
			sourceTree = "<group>";
		};
		6218129B283FE0C0003D54BB /* Products */ = {
			isa = PBXGroup;
			children = (
				6218129A283FE0C0003D54BB /* iTunesPodcasts.app */,
				621812B0283FE0C1003D54BB /* iTunesPodcastsTests.xctest */,
			);
			name = Products;
			sourceTree = "<group>";
		};
		6218129C283FE0C0003D54BB /* iTunesPodcasts */ = {
			isa = PBXGroup;
			children = (
				629FC717284021EC00AF0192 /* Models */,
				629FC704283FEDFA00AF0192 /* Networking */,
				6218129D283FE0C0003D54BB /* AppDelegate.swift */,
				629FC73A2842420400AF0192 /* main.swift */,
				6218129F283FE0C0003D54BB /* SceneDelegate.swift */,
				621812A1283FE0C0003D54BB /* PodcastsSearchViewController.swift */,
				629FC73428415B4400AF0192 /* PodcastDetailsViewController.swift */,
				629FC71D2840304500AF0192 /* PodcastCell.swift */,
				621812A6283FE0C1003D54BB /* Assets.xcassets */,
				621812A8283FE0C1003D54BB /* LaunchScreen.storyboard */,
				621812AB283FE0C1003D54BB /* Info.plist */,
				629FC729284104F800AF0192 /* PodcastCellViewModel.swift */,
				629FC72B2841078500AF0192 /* PodcastsSearchViewModel.swift */,
				629FC73228415A5D00AF0192 /* PodcastDetailsViewModel.swift */,
			);
			path = iTunesPodcasts;
			sourceTree = "<group>";
		};
		621812B3283FE0C1003D54BB /* iTunesPodcastsTests */ = {
			isa = PBXGroup;
			children = (
				629FC71228401C3700AF0192 /* TestHelpers */,
				629FC70B283FFE0100AF0192 /* Mocks */,
				629FC6FD283FE4B200AF0192 /* URLSessionHTTPClientTests.swift */,
				629FC6FF283FEB3900AF0192 /* EndpointTests.swift */,
				629FC71F28403C4F00AF0192 /* URLSessionNetworkSessionTests.swift */,
				629FC7252840F5E000AF0192 /* RemotePodcastsLoaderTests.swift */,
				629FC73628423DE800AF0192 /* PodcastsSearchViewModelTests.swift */,
				629FC738284240E800AF0192 /* TestAppDelegate.swift */,
			);
			path = iTunesPodcastsTests;
			sourceTree = "<group>";
		};
		629FC704283FEDFA00AF0192 /* Networking */ = {
			isa = PBXGroup;
			children = (
				629FC72F2841145500AF0192 /* ImageDownloader */,
				629FC72128403ED500AF0192 /* HTTPClient */,
				629FC72228403EE000AF0192 /* NetworkSession */,
				629FC71A284021FF00AF0192 /* Mappers */,
				629FC705283FEE0700AF0192 /* Endpoint.swift */,
				629FC71528401CDB00AF0192 /* PodcastsLoader.swift */,
			);
			path = Networking;
			sourceTree = "<group>";
		};
		629FC70B283FFE0100AF0192 /* Mocks */ = {
			isa = PBXGroup;
			children = (
				629FC70C283FFE0C00AF0192 /* MockNetworkSession.swift */,
				629FC71028401BB000AF0192 /* URL+Mock.swift */,
				629FC7272840FFC200AF0192 /* MockHttpClient.swift */,
				629FC73C2842438800AF0192 /* MockPodcastsLoader.swift */,
				629FC73E2842440400AF0192 /* MockImageDownloader.swift */,
				629FC7402842444300AF0192 /* UIImage+Mock.swift */,
				629FC7422842462300AF0192 /* Podcast+Mock.swift */,
			);
			path = Mocks;
			sourceTree = "<group>";
		};
		629FC71228401C3700AF0192 /* TestHelpers */ = {
			isa = PBXGroup;
			children = (
				629FC71328401C4700AF0192 /* RxTest+Extension.swift */,
				629FC74428424FC700AF0192 /* TestSchedulers+Extension.swift */,
			);
			path = TestHelpers;
			sourceTree = "<group>";
		};
		629FC717284021EC00AF0192 /* Models */ = {
			isa = PBXGroup;
			children = (
				629FC718284021FC00AF0192 /* Podcast.swift */,
			);
			path = Models;
			sourceTree = "<group>";
		};
		629FC71A284021FF00AF0192 /* Mappers */ = {
			isa = PBXGroup;
			children = (
				629FC71B2840221600AF0192 /* PodcastMapper.swift */,
			);
			path = Mappers;
			sourceTree = "<group>";
		};
		629FC72128403ED500AF0192 /* HTTPClient */ = {
			isa = PBXGroup;
			children = (
				629FC707283FFDB600AF0192 /* HTTPClient.swift */,
				629FC70E28401B6F00AF0192 /* URLSessionHTTPClient.swift */,
			);
			path = HTTPClient;
			sourceTree = "<group>";
		};
		629FC72228403EE000AF0192 /* NetworkSession */ = {
			isa = PBXGroup;
			children = (
				629FC709283FFDD400AF0192 /* NetworkSession.swift */,
				629FC72328403F0600AF0192 /* URLSessionNetworkSession.swift */,
			);
			path = NetworkSession;
			sourceTree = "<group>";
		};
		629FC72F2841145500AF0192 /* ImageDownloader */ = {
			isa = PBXGroup;
			children = (
				629FC72D28410B9500AF0192 /* ImageDownloader.swift */,
				629FC7302841146900AF0192 /* SDImageDownloader.swift */,
			);
			path = ImageDownloader;
			sourceTree = "<group>";
		};
		802AD5078EB2020D872321A8 /* Frameworks */ = {
			isa = PBXGroup;
			children = (
				F410AEB2C922DABE17B894CF /* Pods_iTunesPodcasts.framework */,
				F68B06DEE6DBA5B4C10B253A /* Pods_iTunesPodcasts_iTunesPodcastsUITests.framework */,
				B49EC64974DA5CF1A4EFC716 /* Pods_iTunesPodcastsTests.framework */,
			);
			name = Frameworks;
			sourceTree = "<group>";
		};
		91B6A2F00AD06B6AF015A638 /* Pods */ = {
			isa = PBXGroup;
			children = (
				2E8FD06E4E79E2FAF7C9D737 /* Pods-iTunesPodcasts.debug.xcconfig */,
				1225D38CA6E60BA42FDBFC91 /* Pods-iTunesPodcasts.release.xcconfig */,
				B16C94C402FC9792195FE622 /* Pods-iTunesPodcasts-iTunesPodcastsUITests.debug.xcconfig */,
				D4E045C1E7FF261986352AF7 /* Pods-iTunesPodcasts-iTunesPodcastsUITests.release.xcconfig */,
				EFBB1DD4701D367ABDDB1EDA /* Pods-iTunesPodcastsTests.debug.xcconfig */,
				609FA2261F8EF209604ED740 /* Pods-iTunesPodcastsTests.release.xcconfig */,
			);
			path = Pods;
			sourceTree = "<group>";
		};
/* End PBXGroup section */

/* Begin PBXNativeTarget section */
		62181299283FE0C0003D54BB /* iTunesPodcasts */ = {
			isa = PBXNativeTarget;
			buildConfigurationList = 621812C4283FE0C1003D54BB /* Build configuration list for PBXNativeTarget "iTunesPodcasts" */;
			buildPhases = (
				43A0E5659055F7B1E3561262 /* [CP] Check Pods Manifest.lock */,
				62181296283FE0C0003D54BB /* Sources */,
				62181297283FE0C0003D54BB /* Frameworks */,
				62181298283FE0C0003D54BB /* Resources */,
				288ABD271F6CB6E720B1EF69 /* [CP] Embed Pods Frameworks */,
			);
			buildRules = (
			);
			dependencies = (
			);
			name = iTunesPodcasts;
			productName = iTunesPodcasts;
			productReference = 6218129A283FE0C0003D54BB /* iTunesPodcasts.app */;
			productType = "com.apple.product-type.application";
		};
		621812AF283FE0C1003D54BB /* iTunesPodcastsTests */ = {
			isa = PBXNativeTarget;
			buildConfigurationList = 621812C7283FE0C1003D54BB /* Build configuration list for PBXNativeTarget "iTunesPodcastsTests" */;
			buildPhases = (
				53722B32F3057B44891043D6 /* [CP] Check Pods Manifest.lock */,
				621812AC283FE0C1003D54BB /* Sources */,
				621812AD283FE0C1003D54BB /* Frameworks */,
				621812AE283FE0C1003D54BB /* Resources */,
				2FA3D357B9E6FBEC03FDC7C0 /* [CP] Embed Pods Frameworks */,
			);
			buildRules = (
			);
			dependencies = (
				621812B2283FE0C1003D54BB /* PBXTargetDependency */,
			);
			name = iTunesPodcastsTests;
			productName = iTunesPodcastsTests;
			productReference = 621812B0283FE0C1003D54BB /* iTunesPodcastsTests.xctest */;
			productType = "com.apple.product-type.bundle.unit-test";
		};
/* End PBXNativeTarget section */

/* Begin PBXProject section */
		62181292283FE0C0003D54BB /* Project object */ = {
			isa = PBXProject;
			attributes = {
				BuildIndependentTargetsInParallel = 1;
				LastSwiftUpdateCheck = 1320;
				LastUpgradeCheck = 1320;
				TargetAttributes = {
					62181299283FE0C0003D54BB = {
						CreatedOnToolsVersion = 13.2.1;
					};
					621812AF283FE0C1003D54BB = {
						CreatedOnToolsVersion = 13.2.1;
						TestTargetID = 62181299283FE0C0003D54BB;
					};
				};
			};
			buildConfigurationList = 62181295283FE0C0003D54BB /* Build configuration list for PBXProject "iTunesPodcasts" */;
			compatibilityVersion = "Xcode 13.0";
			developmentRegion = en;
			hasScannedForEncodings = 0;
			knownRegions = (
				en,
				Base,
			);
			mainGroup = 62181291283FE0C0003D54BB;
			productRefGroup = 6218129B283FE0C0003D54BB /* Products */;
			projectDirPath = "";
			projectRoot = "";
			targets = (
				62181299283FE0C0003D54BB /* iTunesPodcasts */,
				621812AF283FE0C1003D54BB /* iTunesPodcastsTests */,
			);
		};
/* End PBXProject section */

/* Begin PBXResourcesBuildPhase section */
		62181298283FE0C0003D54BB /* Resources */ = {
			isa = PBXResourcesBuildPhase;
			buildActionMask = 2147483647;
			files = (
				621812AA283FE0C1003D54BB /* LaunchScreen.storyboard in Resources */,
				621812A7283FE0C1003D54BB /* Assets.xcassets in Resources */,
			);
			runOnlyForDeploymentPostprocessing = 0;
		};
		621812AE283FE0C1003D54BB /* Resources */ = {
			isa = PBXResourcesBuildPhase;
			buildActionMask = 2147483647;
			files = (
			);
			runOnlyForDeploymentPostprocessing = 0;
		};
/* End PBXResourcesBuildPhase section */

/* Begin PBXShellScriptBuildPhase section */
		288ABD271F6CB6E720B1EF69 /* [CP] Embed Pods Frameworks */ = {
			isa = PBXShellScriptBuildPhase;
			buildActionMask = 2147483647;
			files = (
			);
			inputFileListPaths = (
				"${PODS_ROOT}/Target Support Files/Pods-iTunesPodcasts/Pods-iTunesPodcasts-frameworks-${CONFIGURATION}-input-files.xcfilelist",
			);
			name = "[CP] Embed Pods Frameworks";
			outputFileListPaths = (
				"${PODS_ROOT}/Target Support Files/Pods-iTunesPodcasts/Pods-iTunesPodcasts-frameworks-${CONFIGURATION}-output-files.xcfilelist",
			);
			runOnlyForDeploymentPostprocessing = 0;
			shellPath = /bin/sh;
			shellScript = "\"${PODS_ROOT}/Target Support Files/Pods-iTunesPodcasts/Pods-iTunesPodcasts-frameworks.sh\"\n";
			showEnvVarsInLog = 0;
		};
		2FA3D357B9E6FBEC03FDC7C0 /* [CP] Embed Pods Frameworks */ = {
			isa = PBXShellScriptBuildPhase;
			buildActionMask = 2147483647;
			files = (
			);
			inputFileListPaths = (
				"${PODS_ROOT}/Target Support Files/Pods-iTunesPodcastsTests/Pods-iTunesPodcastsTests-frameworks-${CONFIGURATION}-input-files.xcfilelist",
			);
			name = "[CP] Embed Pods Frameworks";
			outputFileListPaths = (
				"${PODS_ROOT}/Target Support Files/Pods-iTunesPodcastsTests/Pods-iTunesPodcastsTests-frameworks-${CONFIGURATION}-output-files.xcfilelist",
			);
			runOnlyForDeploymentPostprocessing = 0;
			shellPath = /bin/sh;
			shellScript = "\"${PODS_ROOT}/Target Support Files/Pods-iTunesPodcastsTests/Pods-iTunesPodcastsTests-frameworks.sh\"\n";
			showEnvVarsInLog = 0;
		};
		43A0E5659055F7B1E3561262 /* [CP] Check Pods Manifest.lock */ = {
			isa = PBXShellScriptBuildPhase;
			buildActionMask = 2147483647;
			files = (
			);
			inputFileListPaths = (
			);
			inputPaths = (
				"${PODS_PODFILE_DIR_PATH}/Podfile.lock",
				"${PODS_ROOT}/Manifest.lock",
			);
			name = "[CP] Check Pods Manifest.lock";
			outputFileListPaths = (
			);
			outputPaths = (
				"$(DERIVED_FILE_DIR)/Pods-iTunesPodcasts-checkManifestLockResult.txt",
			);
			runOnlyForDeploymentPostprocessing = 0;
			shellPath = /bin/sh;
			shellScript = "diff \"${PODS_PODFILE_DIR_PATH}/Podfile.lock\" \"${PODS_ROOT}/Manifest.lock\" > /dev/null\nif [ $? != 0 ] ; then\n    # print error to STDERR\n    echo \"error: The sandbox is not in sync with the Podfile.lock. Run 'pod install' or update your CocoaPods installation.\" >&2\n    exit 1\nfi\n# This output is used by Xcode 'outputs' to avoid re-running this script phase.\necho \"SUCCESS\" > \"${SCRIPT_OUTPUT_FILE_0}\"\n";
			showEnvVarsInLog = 0;
		};
		53722B32F3057B44891043D6 /* [CP] Check Pods Manifest.lock */ = {
			isa = PBXShellScriptBuildPhase;
			buildActionMask = 2147483647;
			files = (
			);
			inputFileListPaths = (
			);
			inputPaths = (
				"${PODS_PODFILE_DIR_PATH}/Podfile.lock",
				"${PODS_ROOT}/Manifest.lock",
			);
			name = "[CP] Check Pods Manifest.lock";
			outputFileListPaths = (
			);
			outputPaths = (
				"$(DERIVED_FILE_DIR)/Pods-iTunesPodcastsTests-checkManifestLockResult.txt",
			);
			runOnlyForDeploymentPostprocessing = 0;
			shellPath = /bin/sh;
			shellScript = "diff \"${PODS_PODFILE_DIR_PATH}/Podfile.lock\" \"${PODS_ROOT}/Manifest.lock\" > /dev/null\nif [ $? != 0 ] ; then\n    # print error to STDERR\n    echo \"error: The sandbox is not in sync with the Podfile.lock. Run 'pod install' or update your CocoaPods installation.\" >&2\n    exit 1\nfi\n# This output is used by Xcode 'outputs' to avoid re-running this script phase.\necho \"SUCCESS\" > \"${SCRIPT_OUTPUT_FILE_0}\"\n";
			showEnvVarsInLog = 0;
		};
/* End PBXShellScriptBuildPhase section */

/* Begin PBXSourcesBuildPhase section */
		62181296283FE0C0003D54BB /* Sources */ = {
			isa = PBXSourcesBuildPhase;
			buildActionMask = 2147483647;
			files = (
				629FC70F28401B6F00AF0192 /* URLSessionHTTPClient.swift in Sources */,
				629FC72E28410B9500AF0192 /* ImageDownloader.swift in Sources */,
				621812A2283FE0C0003D54BB /* PodcastsSearchViewController.swift in Sources */,
				629FC72428403F0600AF0192 /* URLSessionNetworkSession.swift in Sources */,
				629FC708283FFDB600AF0192 /* HTTPClient.swift in Sources */,
				629FC71C2840221600AF0192 /* PodcastMapper.swift in Sources */,
				629FC73328415A5D00AF0192 /* PodcastDetailsViewModel.swift in Sources */,
				6218129E283FE0C0003D54BB /* AppDelegate.swift in Sources */,
				629FC70A283FFDD400AF0192 /* NetworkSession.swift in Sources */,
				629FC719284021FC00AF0192 /* Podcast.swift in Sources */,
				629FC706283FEE0700AF0192 /* Endpoint.swift in Sources */,
				629FC72C2841078500AF0192 /* PodcastsSearchViewModel.swift in Sources */,
				629FC73528415B4400AF0192 /* PodcastDetailsViewController.swift in Sources */,
				629FC7312841146900AF0192 /* SDImageDownloader.swift in Sources */,
				629FC71E2840304500AF0192 /* PodcastCell.swift in Sources */,
				629FC73B2842420400AF0192 /* main.swift in Sources */,
				621812A0283FE0C0003D54BB /* SceneDelegate.swift in Sources */,
				629FC71628401CDB00AF0192 /* PodcastsLoader.swift in Sources */,
				629FC72A284104F800AF0192 /* PodcastCellViewModel.swift in Sources */,
			);
			runOnlyForDeploymentPostprocessing = 0;
		};
		621812AC283FE0C1003D54BB /* Sources */ = {
			isa = PBXSourcesBuildPhase;
			buildActionMask = 2147483647;
			files = (
				629FC73F2842440400AF0192 /* MockImageDownloader.swift in Sources */,
				629FC7412842444300AF0192 /* UIImage+Mock.swift in Sources */,
				629FC7282840FFC200AF0192 /* MockHttpClient.swift in Sources */,
				629FC6FE283FE4B200AF0192 /* URLSessionHTTPClientTests.swift in Sources */,
				629FC700283FEB3900AF0192 /* EndpointTests.swift in Sources */,
				629FC7262840F5E000AF0192 /* RemotePodcastsLoaderTests.swift in Sources */,
				629FC74528424FC700AF0192 /* TestSchedulers+Extension.swift in Sources */,
				629FC70D283FFE0C00AF0192 /* MockNetworkSession.swift in Sources */,
				629FC73728423DE800AF0192 /* PodcastsSearchViewModelTests.swift in Sources */,
				629FC73D2842438800AF0192 /* MockPodcastsLoader.swift in Sources */,
				629FC739284240E800AF0192 /* TestAppDelegate.swift in Sources */,
				629FC7432842462300AF0192 /* Podcast+Mock.swift in Sources */,
				629FC71128401BB000AF0192 /* URL+Mock.swift in Sources */,
				629FC72028403C4F00AF0192 /* URLSessionNetworkSessionTests.swift in Sources */,
				629FC71428401C4700AF0192 /* RxTest+Extension.swift in Sources */,
			);
			runOnlyForDeploymentPostprocessing = 0;
		};
/* End PBXSourcesBuildPhase section */

/* Begin PBXTargetDependency section */
		621812B2283FE0C1003D54BB /* PBXTargetDependency */ = {
			isa = PBXTargetDependency;
			target = 62181299283FE0C0003D54BB /* iTunesPodcasts */;
			targetProxy = 621812B1283FE0C1003D54BB /* PBXContainerItemProxy */;
		};
/* End PBXTargetDependency section */

/* Begin PBXVariantGroup section */
		621812A8283FE0C1003D54BB /* LaunchScreen.storyboard */ = {
			isa = PBXVariantGroup;
			children = (
				621812A9283FE0C1003D54BB /* Base */,
			);
			name = LaunchScreen.storyboard;
			sourceTree = "<group>";
		};
/* End PBXVariantGroup section */

/* Begin XCBuildConfiguration section */
		621812C2283FE0C1003D54BB /* Debug */ = {
			isa = XCBuildConfiguration;
			buildSettings = {
				ALWAYS_SEARCH_USER_PATHS = NO;
				CLANG_ANALYZER_NONNULL = YES;
				CLANG_ANALYZER_NUMBER_OBJECT_CONVERSION = YES_AGGRESSIVE;
				CLANG_CXX_LANGUAGE_STANDARD = "gnu++17";
				CLANG_CXX_LIBRARY = "libc++";
				CLANG_ENABLE_MODULES = YES;
				CLANG_ENABLE_OBJC_ARC = YES;
				CLANG_ENABLE_OBJC_WEAK = YES;
				CLANG_WARN_BLOCK_CAPTURE_AUTORELEASING = YES;
				CLANG_WARN_BOOL_CONVERSION = YES;
				CLANG_WARN_COMMA = YES;
				CLANG_WARN_CONSTANT_CONVERSION = YES;
				CLANG_WARN_DEPRECATED_OBJC_IMPLEMENTATIONS = YES;
				CLANG_WARN_DIRECT_OBJC_ISA_USAGE = YES_ERROR;
				CLANG_WARN_DOCUMENTATION_COMMENTS = YES;
				CLANG_WARN_EMPTY_BODY = YES;
				CLANG_WARN_ENUM_CONVERSION = YES;
				CLANG_WARN_INFINITE_RECURSION = YES;
				CLANG_WARN_INT_CONVERSION = YES;
				CLANG_WARN_NON_LITERAL_NULL_CONVERSION = YES;
				CLANG_WARN_OBJC_IMPLICIT_RETAIN_SELF = YES;
				CLANG_WARN_OBJC_LITERAL_CONVERSION = YES;
				CLANG_WARN_OBJC_ROOT_CLASS = YES_ERROR;
				CLANG_WARN_QUOTED_INCLUDE_IN_FRAMEWORK_HEADER = YES;
				CLANG_WARN_RANGE_LOOP_ANALYSIS = YES;
				CLANG_WARN_STRICT_PROTOTYPES = YES;
				CLANG_WARN_SUSPICIOUS_MOVE = YES;
				CLANG_WARN_UNGUARDED_AVAILABILITY = YES_AGGRESSIVE;
				CLANG_WARN_UNREACHABLE_CODE = YES;
				CLANG_WARN__DUPLICATE_METHOD_MATCH = YES;
				COPY_PHASE_STRIP = NO;
				DEBUG_INFORMATION_FORMAT = dwarf;
				ENABLE_STRICT_OBJC_MSGSEND = YES;
				ENABLE_TESTABILITY = YES;
				GCC_C_LANGUAGE_STANDARD = gnu11;
				GCC_DYNAMIC_NO_PIC = NO;
				GCC_NO_COMMON_BLOCKS = YES;
				GCC_OPTIMIZATION_LEVEL = 0;
				GCC_PREPROCESSOR_DEFINITIONS = (
					"DEBUG=1",
					"$(inherited)",
				);
				GCC_WARN_64_TO_32_BIT_CONVERSION = YES;
				GCC_WARN_ABOUT_RETURN_TYPE = YES_ERROR;
				GCC_WARN_UNDECLARED_SELECTOR = YES;
				GCC_WARN_UNINITIALIZED_AUTOS = YES_AGGRESSIVE;
				GCC_WARN_UNUSED_FUNCTION = YES;
				GCC_WARN_UNUSED_VARIABLE = YES;
				IPHONEOS_DEPLOYMENT_TARGET = 15.2;
				MTL_ENABLE_DEBUG_INFO = INCLUDE_SOURCE;
				MTL_FAST_MATH = YES;
				ONLY_ACTIVE_ARCH = YES;
				SDKROOT = iphoneos;
				SWIFT_ACTIVE_COMPILATION_CONDITIONS = DEBUG;
				SWIFT_OPTIMIZATION_LEVEL = "-Onone";
			};
			name = Debug;
		};
		621812C3283FE0C1003D54BB /* Release */ = {
			isa = XCBuildConfiguration;
			buildSettings = {
				ALWAYS_SEARCH_USER_PATHS = NO;
				CLANG_ANALYZER_NONNULL = YES;
				CLANG_ANALYZER_NUMBER_OBJECT_CONVERSION = YES_AGGRESSIVE;
				CLANG_CXX_LANGUAGE_STANDARD = "gnu++17";
				CLANG_CXX_LIBRARY = "libc++";
				CLANG_ENABLE_MODULES = YES;
				CLANG_ENABLE_OBJC_ARC = YES;
				CLANG_ENABLE_OBJC_WEAK = YES;
				CLANG_WARN_BLOCK_CAPTURE_AUTORELEASING = YES;
				CLANG_WARN_BOOL_CONVERSION = YES;
				CLANG_WARN_COMMA = YES;
				CLANG_WARN_CONSTANT_CONVERSION = YES;
				CLANG_WARN_DEPRECATED_OBJC_IMPLEMENTATIONS = YES;
				CLANG_WARN_DIRECT_OBJC_ISA_USAGE = YES_ERROR;
				CLANG_WARN_DOCUMENTATION_COMMENTS = YES;
				CLANG_WARN_EMPTY_BODY = YES;
				CLANG_WARN_ENUM_CONVERSION = YES;
				CLANG_WARN_INFINITE_RECURSION = YES;
				CLANG_WARN_INT_CONVERSION = YES;
				CLANG_WARN_NON_LITERAL_NULL_CONVERSION = YES;
				CLANG_WARN_OBJC_IMPLICIT_RETAIN_SELF = YES;
				CLANG_WARN_OBJC_LITERAL_CONVERSION = YES;
				CLANG_WARN_OBJC_ROOT_CLASS = YES_ERROR;
				CLANG_WARN_QUOTED_INCLUDE_IN_FRAMEWORK_HEADER = YES;
				CLANG_WARN_RANGE_LOOP_ANALYSIS = YES;
				CLANG_WARN_STRICT_PROTOTYPES = YES;
				CLANG_WARN_SUSPICIOUS_MOVE = YES;
				CLANG_WARN_UNGUARDED_AVAILABILITY = YES_AGGRESSIVE;
				CLANG_WARN_UNREACHABLE_CODE = YES;
				CLANG_WARN__DUPLICATE_METHOD_MATCH = YES;
				COPY_PHASE_STRIP = NO;
				DEBUG_INFORMATION_FORMAT = "dwarf-with-dsym";
				ENABLE_NS_ASSERTIONS = NO;
				ENABLE_STRICT_OBJC_MSGSEND = YES;
				GCC_C_LANGUAGE_STANDARD = gnu11;
				GCC_NO_COMMON_BLOCKS = YES;
				GCC_WARN_64_TO_32_BIT_CONVERSION = YES;
				GCC_WARN_ABOUT_RETURN_TYPE = YES_ERROR;
				GCC_WARN_UNDECLARED_SELECTOR = YES;
				GCC_WARN_UNINITIALIZED_AUTOS = YES_AGGRESSIVE;
				GCC_WARN_UNUSED_FUNCTION = YES;
				GCC_WARN_UNUSED_VARIABLE = YES;
				IPHONEOS_DEPLOYMENT_TARGET = 15.2;
				MTL_ENABLE_DEBUG_INFO = NO;
				MTL_FAST_MATH = YES;
				SDKROOT = iphoneos;
				SWIFT_COMPILATION_MODE = wholemodule;
				SWIFT_OPTIMIZATION_LEVEL = "-O";
				VALIDATE_PRODUCT = YES;
			};
			name = Release;
		};
		621812C5283FE0C1003D54BB /* Debug */ = {
			isa = XCBuildConfiguration;
			baseConfigurationReference = 2E8FD06E4E79E2FAF7C9D737 /* Pods-iTunesPodcasts.debug.xcconfig */;
			buildSettings = {
				ASSETCATALOG_COMPILER_APPICON_NAME = AppIcon;
				ASSETCATALOG_COMPILER_GLOBAL_ACCENT_COLOR_NAME = AccentColor;
				CODE_SIGN_STYLE = Automatic;
				CURRENT_PROJECT_VERSION = 1;
				GENERATE_INFOPLIST_FILE = YES;
				INFOPLIST_FILE = iTunesPodcasts/Info.plist;
				INFOPLIST_KEY_UIApplicationSupportsIndirectInputEvents = YES;
				INFOPLIST_KEY_UILaunchStoryboardName = LaunchScreen;
				INFOPLIST_KEY_UISupportedInterfaceOrientations_iPad = "UIInterfaceOrientationPortrait UIInterfaceOrientationPortraitUpsideDown UIInterfaceOrientationLandscapeLeft UIInterfaceOrientationLandscapeRight";
				INFOPLIST_KEY_UISupportedInterfaceOrientations_iPhone = "UIInterfaceOrientationPortrait UIInterfaceOrientationLandscapeLeft UIInterfaceOrientationLandscapeRight";
				LD_RUNPATH_SEARCH_PATHS = (
					"$(inherited)",
					"@executable_path/Frameworks",
				);
				MARKETING_VERSION = 1.0;
				PRODUCT_BUNDLE_IDENTIFIER = pl.paskowski.iTunesPodcasts;
				PRODUCT_NAME = "$(TARGET_NAME)";
				SWIFT_EMIT_LOC_STRINGS = YES;
				SWIFT_VERSION = 5.0;
				TARGETED_DEVICE_FAMILY = "1,2";
			};
			name = Debug;
		};
		621812C6283FE0C1003D54BB /* Release */ = {
			isa = XCBuildConfiguration;
			baseConfigurationReference = 1225D38CA6E60BA42FDBFC91 /* Pods-iTunesPodcasts.release.xcconfig */;
			buildSettings = {
				ASSETCATALOG_COMPILER_APPICON_NAME = AppIcon;
				ASSETCATALOG_COMPILER_GLOBAL_ACCENT_COLOR_NAME = AccentColor;
				CODE_SIGN_STYLE = Automatic;
				CURRENT_PROJECT_VERSION = 1;
				GENERATE_INFOPLIST_FILE = YES;
				INFOPLIST_FILE = iTunesPodcasts/Info.plist;
				INFOPLIST_KEY_UIApplicationSupportsIndirectInputEvents = YES;
				INFOPLIST_KEY_UILaunchStoryboardName = LaunchScreen;
				INFOPLIST_KEY_UISupportedInterfaceOrientations_iPad = "UIInterfaceOrientationPortrait UIInterfaceOrientationPortraitUpsideDown UIInterfaceOrientationLandscapeLeft UIInterfaceOrientationLandscapeRight";
				INFOPLIST_KEY_UISupportedInterfaceOrientations_iPhone = "UIInterfaceOrientationPortrait UIInterfaceOrientationLandscapeLeft UIInterfaceOrientationLandscapeRight";
				LD_RUNPATH_SEARCH_PATHS = (
					"$(inherited)",
					"@executable_path/Frameworks",
				);
				MARKETING_VERSION = 1.0;
				PRODUCT_BUNDLE_IDENTIFIER = pl.paskowski.iTunesPodcasts;
				PRODUCT_NAME = "$(TARGET_NAME)";
				SWIFT_EMIT_LOC_STRINGS = YES;
				SWIFT_VERSION = 5.0;
				TARGETED_DEVICE_FAMILY = "1,2";
			};
			name = Release;
		};
		621812C8283FE0C1003D54BB /* Debug */ = {
			isa = XCBuildConfiguration;
			baseConfigurationReference = EFBB1DD4701D367ABDDB1EDA /* Pods-iTunesPodcastsTests.debug.xcconfig */;
			buildSettings = {
				ALWAYS_EMBED_SWIFT_STANDARD_LIBRARIES = YES;
				BUNDLE_LOADER = "$(TEST_HOST)";
				CODE_SIGN_STYLE = Automatic;
				CURRENT_PROJECT_VERSION = 1;
				GENERATE_INFOPLIST_FILE = YES;
				IPHONEOS_DEPLOYMENT_TARGET = 15.2;
				MARKETING_VERSION = 1.0;
				PRODUCT_BUNDLE_IDENTIFIER = pl.paskowski.iTunesPodcastsTests;
				PRODUCT_NAME = "$(TARGET_NAME)";
				SWIFT_EMIT_LOC_STRINGS = NO;
				SWIFT_VERSION = 5.0;
				TARGETED_DEVICE_FAMILY = "1,2";
				TEST_HOST = "$(BUILT_PRODUCTS_DIR)/iTunesPodcasts.app/iTunesPodcasts";
			};
			name = Debug;
		};
		621812C9283FE0C1003D54BB /* Release */ = {
			isa = XCBuildConfiguration;
			baseConfigurationReference = 609FA2261F8EF209604ED740 /* Pods-iTunesPodcastsTests.release.xcconfig */;
			buildSettings = {
				ALWAYS_EMBED_SWIFT_STANDARD_LIBRARIES = YES;
				BUNDLE_LOADER = "$(TEST_HOST)";
				CODE_SIGN_STYLE = Automatic;
				CURRENT_PROJECT_VERSION = 1;
				GENERATE_INFOPLIST_FILE = YES;
				IPHONEOS_DEPLOYMENT_TARGET = 15.2;
				MARKETING_VERSION = 1.0;
				PRODUCT_BUNDLE_IDENTIFIER = pl.paskowski.iTunesPodcastsTests;
				PRODUCT_NAME = "$(TARGET_NAME)";
				SWIFT_EMIT_LOC_STRINGS = NO;
				SWIFT_VERSION = 5.0;
				TARGETED_DEVICE_FAMILY = "1,2";
				TEST_HOST = "$(BUILT_PRODUCTS_DIR)/iTunesPodcasts.app/iTunesPodcasts";
			};
			name = Release;
		};
/* End XCBuildConfiguration section */

/* Begin XCConfigurationList section */
		62181295283FE0C0003D54BB /* Build configuration list for PBXProject "iTunesPodcasts" */ = {
			isa = XCConfigurationList;
			buildConfigurations = (
				621812C2283FE0C1003D54BB /* Debug */,
				621812C3283FE0C1003D54BB /* Release */,
			);
			defaultConfigurationIsVisible = 0;
			defaultConfigurationName = Release;
		};
		621812C4283FE0C1003D54BB /* Build configuration list for PBXNativeTarget "iTunesPodcasts" */ = {
			isa = XCConfigurationList;
			buildConfigurations = (
				621812C5283FE0C1003D54BB /* Debug */,
				621812C6283FE0C1003D54BB /* Release */,
			);
			defaultConfigurationIsVisible = 0;
			defaultConfigurationName = Release;
		};
		621812C7283FE0C1003D54BB /* Build configuration list for PBXNativeTarget "iTunesPodcastsTests" */ = {
			isa = XCConfigurationList;
			buildConfigurations = (
				621812C8283FE0C1003D54BB /* Debug */,
				621812C9283FE0C1003D54BB /* Release */,
			);
			defaultConfigurationIsVisible = 0;
			defaultConfigurationName = Release;
		};
/* End XCConfigurationList section */
	};
	rootObject = 62181292283FE0C0003D54BB /* Project object */;
}
